
Microsoft Visual Studio Solution File, Format Version 12.00
# Visual Studio Version 17
VisualStudioVersion = 17.9.34902.65
MinimumVisualStudioVersion = 10.0.40219.1
Project("{FAE04EC0-301F-11D3-BF4B-00C04F79EFBC}") = "SampleApp.Server", "SampleApp.Server\SampleApp.Server.csproj", "{9DDEF9EB-0FF8-425E-A9D5-C054661857A8}"
EndProject
Project("{54A90642-561A-4BB1-A94E-469ADEE60C69}") = "sampleapp.client", "sampleapp.client\sampleapp.client.esproj", "{3063317C-D490-4003-94DC-19B667F0098F}"
EndProject
Global
	GlobalSection(SolutionConfigurationPlatforms) = preSolution
		Debug|Any CPU = Debug|Any CPU
		Release|Any CPU = Release|Any CPU
	EndGlobalSection
	GlobalSection(ProjectConfigurationPlatforms) = postSolution
		{9DDEF9EB-0FF8-425E-A9D5-C054661857A8}.Debug|Any CPU.ActiveCfg = Debug|Any CPU
		{9DDEF9EB-0FF8-425E-A9D5-C054661857A8}.Debug|Any CPU.Build.0 = Debug|Any CPU
		{9DDEF9EB-0FF8-425E-A9D5-C054661857A8}.Release|Any CPU.ActiveCfg = Release|Any CPU
		{9DDEF9EB-0FF8-425E-A9D5-C054661857A8}.Release|Any CPU.Build.0 = Release|Any CPU
		{3063317C-D490-4003-94DC-19B667F0098F}.Debug|Any CPU.ActiveCfg = Debug|Any CPU
		{3063317C-D490-4003-94DC-19B667F0098F}.Debug|Any CPU.Build.0 = Debug|Any CPU
		{3063317C-D490-4003-94DC-19B667F0098F}.Debug|Any CPU.Deploy.0 = Debug|Any CPU
		{3063317C-D490-4003-94DC-19B667F0098F}.Release|Any CPU.ActiveCfg = Release|Any CPU
		{3063317C-D490-4003-94DC-19B667F0098F}.Release|Any CPU.Build.0 = Release|Any CPU
		{3063317C-D490-4003-94DC-19B667F0098F}.Release|Any CPU.Deploy.0 = Release|Any CPU
	EndGlobalSection
	GlobalSection(SolutionProperties) = preSolution
		HideSolutionNode = FALSE
	EndGlobalSection
	GlobalSection(ExtensibilityGlobals) = postSolution
		SolutionGuid = {54C34BAA-174C-4426-97B3-C80FD7049310}
	EndGlobalSection
EndGlobal
